# generated by rye
# use `rye lock` or `rye sync` to update this lockfile
#
# last locked with the following flags:
#   pre: false
#   features: []
#   all-features: false
#   with-sources: false
#   generate-hashes: false
#   universal: false

-e file:.
black==24.4.2
bump2version==1.0.1
cfgv==3.4.0
    # via pre-commit
click==8.1.7
    # via black
    # via pydoclint
codespell==2.3.0
colorama==0.4.6
    # via black
coverage==7.6.0
    # via pytest-cov
distlib==0.3.8
    # via virtualenv
docstring-parser-fork==0.0.9
    # via pydoclint
filelock==3.15.4
    # via virtualenv
identify==2.6.0
    # via pre-commit
iniconfig==2.0.0
    # via pytest
joblib==1.4.2
    # via serox
mypy-extensions==1.0.0
    # via black
nodeenv==1.9.1
    # via pre-commit
    # via pyright
numpy==2.0.1
    # via serox
packaging==24.1
    # via black
    # via pytest
pathspec==0.12.1
    # via black
pip==24.2
platformdirs==4.2.2
    # via black
    # via virtualenv
pluggy==1.5.0
    # via pytest
pre-commit==3.8.0
pydoclint==0.5.6
pyright==1.1.374
pytest==8.3.2
    # via pytest-cov
pytest-cov==5.0.0
pyyaml==6.0.1
    # via pre-commit
ruff==0.5.5
typing-extensions==4.12.2
    # via serox
virtualenv==20.26.3
    # via pre-commit
